{
  "name": "vf-core-service-discovery-e2e-projects--basic",
  "requires": true,
  "lockfileVersion": 1,
  "dependencies": {
    "@types/node": {
      "version": "14.14.31",
      "resolved": "https://registry.npmjs.org/@types/node/-/node-14.14.31.tgz",
      "integrity": "sha512-vFHy/ezP5qI0rFgJ7aQnjDXwAMrG0KqqIH7tQG5PPv3BWBayOPIQNBjVc/P6hhdZfMx51REc6tfDNXHUio893g=="
    },
    "@visual-framework/vf-box": {
      "version": "2.2.0",
      "resolved": "https://registry.npmjs.org/@visual-framework/vf-box/-/vf-box-2.2.0.tgz",
      "integrity": "sha512-rpdZeeV2yt1uTiJxCMAhtKjf5C9fMsRQ0ZDyMCDDcSK+Hp5BTgWCucl/QzgGNN+sZaQSES7ZuECaLDxOom87iw=="
    },
    "@visual-framework/vf-footer": {
      "version": "1.1.0",
      "resolved": "https://registry.npmjs.org/@visual-framework/vf-footer/-/vf-footer-1.1.0.tgz",
      "integrity": "sha512-Yk2eCgcH+6icvo7GYJUnEQpSkFfnHi1lzi3r7iYPgf9O/FrE7os7o5z6g5hztUzHUdozDxK0dtMuav6F2azukQ=="
    },
    "@visual-framework/vf-grid": {
      "version": "1.0.3",
      "resolved": "https://registry.npmjs.org/@visual-framework/vf-grid/-/vf-grid-1.0.3.tgz",
      "integrity": "sha512-C7J4XuPU4nFkHb5eiFv5A5/lxSw3LZoJ0fln6DgQx6iOifyelRuKHBiJ/zXedmwoTXzwReTi38iFmkn+WUe1BQ=="
    }
  }
}
